
Microsoft Visual Studio Solution File, Format Version 12.00
# Visual Studio Version 17
VisualStudioVersion = 17.8.34525.116
MinimumVisualStudioVersion = 10.0.40219.1
Project("{FAE04EC0-301F-11D3-BF4B-00C04F79EFBC}") = "Practica Final prog2", "Practica Final prog2\Practica Final prog2.csproj", "{8C211E57-4C7C-419D-94C3-0F226F514C3E}"
EndProject
Global
	GlobalSection(SolutionConfigurationPlatforms) = preSolution
		Debug|Any CPU = Debug|Any CPU
		Release|Any CPU = Release|Any CPU
	EndGlobalSection
	GlobalSection(ProjectConfigurationPlatforms) = postSolution
		{8C211E57-4C7C-419D-94C3-0F226F514C3E}.Debug|Any CPU.ActiveCfg = Debug|Any CPU
		{8C211E57-4C7C-419D-94C3-0F226F514C3E}.Debug|Any CPU.Build.0 = Debug|Any CPU
		{8C211E57-4C7C-419D-94C3-0F226F514C3E}.Release|Any CPU.ActiveCfg = Release|Any CPU
		{8C211E57-4C7C-419D-94C3-0F226F514C3E}.Release|Any CPU.Build.0 = Release|Any CPU
	EndGlobalSection
	GlobalSection(SolutionProperties) = preSolution
		HideSolutionNode = FALSE
	EndGlobalSection
	GlobalSection(ExtensibilityGlobals) = postSolution
		SolutionGuid = {0BA0B105-21D3-4CC3-AF59-EA15B05535E0}
	EndGlobalSection
EndGlobal
